
Microsoft Visual Studio Solution File, Format Version 12.00
# Visual Studio Version 17
VisualStudioVersion = 17.12.35707.178 d17.12
MinimumVisualStudioVersion = 10.0.40219.1
Project("{FAE04EC0-301F-11D3-BF4B-00C04F79EFBC}") = "Esemnet", "Esemnet\Esemnet.csproj", "{EEC71593-F227-4F6C-BCB9-D8F17C9A4452}"
EndProject
Global
	GlobalSection(SolutionConfigurationPlatforms) = preSolution
		Debug|Any CPU = Debug|Any CPU
		Release|Any CPU = Release|Any CPU
	EndGlobalSection
	GlobalSection(ProjectConfigurationPlatforms) = postSolution
		{EEC71593-F227-4F6C-BCB9-D8F17C9A4452}.Debug|Any CPU.ActiveCfg = Debug|Any CPU
		{EEC71593-F227-4F6C-BCB9-D8F17C9A4452}.Debug|Any CPU.Build.0 = Debug|Any CPU
		{EEC71593-F227-4F6C-BCB9-D8F17C9A4452}.Release|Any CPU.ActiveCfg = Release|Any CPU
		{EEC71593-F227-4F6C-BCB9-D8F17C9A4452}.Release|Any CPU.Build.0 = Release|Any CPU
	EndGlobalSection
	GlobalSection(SolutionProperties) = preSolution
		HideSolutionNode = FALSE
	EndGlobalSection
EndGlobal
