
Microsoft Visual Studio Solution File, Format Version 12.00
# Visual Studio Version 17
VisualStudioVersion = 17.13.35825.156 d17.13
MinimumVisualStudioVersion = 10.0.40219.1
Project("{FAE04EC0-301F-11D3-BF4B-00C04F79EFBC}") = "HOVHOSPITAL3", "HOVHOSPITAL3\HOVHOSPITAL3.csproj", "{5F5189A5-1262-4B0F-8A07-464E6FED29FE}"
EndProject
Global
	GlobalSection(SolutionConfigurationPlatforms) = preSolution
		Debug|Any CPU = Debug|Any CPU
		Release|Any CPU = Release|Any CPU
	EndGlobalSection
	GlobalSection(ProjectConfigurationPlatforms) = postSolution
		{5F5189A5-1262-4B0F-8A07-464E6FED29FE}.Debug|Any CPU.ActiveCfg = Debug|Any CPU
		{5F5189A5-1262-4B0F-8A07-464E6FED29FE}.Debug|Any CPU.Build.0 = Debug|Any CPU
		{5F5189A5-1262-4B0F-8A07-464E6FED29FE}.Release|Any CPU.ActiveCfg = Release|Any CPU
		{5F5189A5-1262-4B0F-8A07-464E6FED29FE}.Release|Any CPU.Build.0 = Release|Any CPU
	EndGlobalSection
	GlobalSection(SolutionProperties) = preSolution
		HideSolutionNode = FALSE
	EndGlobalSection
	GlobalSection(ExtensibilityGlobals) = postSolution
		SolutionGuid = {368ECB42-26D6-4DE2-B3C1-363BD01C4C42}
	EndGlobalSection
EndGlobal
