
Microsoft Visual Studio Solution File, Format Version 12.00
# Visual Studio Version 17
VisualStudioVersion = 17.13.35825.156 d17.13
MinimumVisualStudioVersion = 10.0.40219.1
Project("{FAE04EC0-301F-11D3-BF4B-00C04F79EFBC}") = "LKS Nasional 2024", "LKS Nasional 2024\LKS Nasional 2024.csproj", "{9F4F502D-333F-47ED-ACEB-C17698390F07}"
EndProject
Global
	GlobalSection(SolutionConfigurationPlatforms) = preSolution
		Debug|Any CPU = Debug|Any CPU
		Release|Any CPU = Release|Any CPU
	EndGlobalSection
	GlobalSection(ProjectConfigurationPlatforms) = postSolution
		{9F4F502D-333F-47ED-ACEB-C17698390F07}.Debug|Any CPU.ActiveCfg = Debug|Any CPU
		{9F4F502D-333F-47ED-ACEB-C17698390F07}.Debug|Any CPU.Build.0 = Debug|Any CPU
		{9F4F502D-333F-47ED-ACEB-C17698390F07}.Release|Any CPU.ActiveCfg = Release|Any CPU
		{9F4F502D-333F-47ED-ACEB-C17698390F07}.Release|Any CPU.Build.0 = Release|Any CPU
	EndGlobalSection
	GlobalSection(SolutionProperties) = preSolution
		HideSolutionNode = FALSE
	EndGlobalSection
	GlobalSection(ExtensibilityGlobals) = postSolution
		SolutionGuid = {066204F8-5E3F-4829-87FF-CD520A390AC9}
	EndGlobalSection
EndGlobal
