
Microsoft Visual Studio Solution File, Format Version 12.00
# Visual Studio Version 17
VisualStudioVersion = 17.13.35825.156 d17.13
MinimumVisualStudioVersion = 10.0.40219.1
Project("{FAE04EC0-301F-11D3-BF4B-00C04F79EFBC}") = "Currency_converter", "Currency_converter\Currency_converter.csproj", "{37459EF2-98C5-43C6-89D7-85D864115501}"
EndProject
Global
	GlobalSection(SolutionConfigurationPlatforms) = preSolution
		Debug|Any CPU = Debug|Any CPU
		Release|Any CPU = Release|Any CPU
	EndGlobalSection
	GlobalSection(ProjectConfigurationPlatforms) = postSolution
		{37459EF2-98C5-43C6-89D7-85D864115501}.Debug|Any CPU.ActiveCfg = Debug|Any CPU
		{37459EF2-98C5-43C6-89D7-85D864115501}.Debug|Any CPU.Build.0 = Debug|Any CPU
		{37459EF2-98C5-43C6-89D7-85D864115501}.Release|Any CPU.ActiveCfg = Release|Any CPU
		{37459EF2-98C5-43C6-89D7-85D864115501}.Release|Any CPU.Build.0 = Release|Any CPU
	EndGlobalSection
	GlobalSection(SolutionProperties) = preSolution
		HideSolutionNode = FALSE
	EndGlobalSection
	GlobalSection(ExtensibilityGlobals) = postSolution
		SolutionGuid = {AD1648C3-2659-469A-B57A-6D1AE1028F81}
	EndGlobalSection
EndGlobal
