
Microsoft Visual Studio Solution File, Format Version 12.00
# Visual Studio Version 17
VisualStudioVersion = 17.13.35825.156 d17.13
MinimumVisualStudioVersion = 10.0.40219.1
Project("{FAE04EC0-301F-11D3-BF4B-00C04F79EFBC}") = "HOVHospital_pt2", "HOVHospital_pt2\HOVHospital_pt2.csproj", "{07BF5051-A1A7-47D5-9932-39A9E949A892}"
EndProject
Global
	GlobalSection(SolutionConfigurationPlatforms) = preSolution
		Debug|Any CPU = Debug|Any CPU
		Release|Any CPU = Release|Any CPU
	EndGlobalSection
	GlobalSection(ProjectConfigurationPlatforms) = postSolution
		{07BF5051-A1A7-47D5-9932-39A9E949A892}.Debug|Any CPU.ActiveCfg = Debug|Any CPU
		{07BF5051-A1A7-47D5-9932-39A9E949A892}.Debug|Any CPU.Build.0 = Debug|Any CPU
		{07BF5051-A1A7-47D5-9932-39A9E949A892}.Release|Any CPU.ActiveCfg = Release|Any CPU
		{07BF5051-A1A7-47D5-9932-39A9E949A892}.Release|Any CPU.Build.0 = Release|Any CPU
	EndGlobalSection
	GlobalSection(SolutionProperties) = preSolution
		HideSolutionNode = FALSE
	EndGlobalSection
	GlobalSection(ExtensibilityGlobals) = postSolution
		SolutionGuid = {859D2DB2-D531-413C-8CDB-B1998C5692DB}
	EndGlobalSection
EndGlobal
